
Microsoft Visual Studio Solution File, Format Version 12.00
# Visual Studio Version 17
VisualStudioVersion = 17.9.34622.214
MinimumVisualStudioVersion = 10.0.40219.1
Project("{FAE04EC0-301F-11D3-BF4B-00C04F79EFBC}") = "Server", "Server\Server.csproj", "{4CB4B6C0-8711-4991-8326-DB39113324E9}"
EndProject
Project("{FAE04EC0-301F-11D3-BF4B-00C04F79EFBC}") = "Konobar", "Konobar\Konobar.csproj", "{A8BD9154-2C6E-4AC2-89F2-E57721FEE1D0}"
EndProject
Project("{FAE04EC0-301F-11D3-BF4B-00C04F79EFBC}") = "Biblioteka", "Biblioteka\Biblioteka.csproj", "{BD503A63-BBFC-41E0-B0EF-2ED898AFFC75}"
EndProject
Project("{FAE04EC0-301F-11D3-BF4B-00C04F79EFBC}") = "Kuvar", "Kuvar\Kuvar.csproj", "{5F0B0CE2-5BC7-48A7-ABC4-CD03A858EE6F}"
EndProject
Global
	GlobalSection(SolutionConfigurationPlatforms) = preSolution
		Debug|Any CPU = Debug|Any CPU
		Release|Any CPU = Release|Any CPU
	EndGlobalSection
	GlobalSection(ProjectConfigurationPlatforms) = postSolution
		{4CB4B6C0-8711-4991-8326-DB39113324E9}.Debug|Any CPU.ActiveCfg = Debug|Any CPU
		{4CB4B6C0-8711-4991-8326-DB39113324E9}.Debug|Any CPU.Build.0 = Debug|Any CPU
		{4CB4B6C0-8711-4991-8326-DB39113324E9}.Release|Any CPU.ActiveCfg = Release|Any CPU
		{4CB4B6C0-8711-4991-8326-DB39113324E9}.Release|Any CPU.Build.0 = Release|Any CPU
		{A8BD9154-2C6E-4AC2-89F2-E57721FEE1D0}.Debug|Any CPU.ActiveCfg = Debug|Any CPU
		{A8BD9154-2C6E-4AC2-89F2-E57721FEE1D0}.Debug|Any CPU.Build.0 = Debug|Any CPU
		{A8BD9154-2C6E-4AC2-89F2-E57721FEE1D0}.Release|Any CPU.ActiveCfg = Release|Any CPU
		{A8BD9154-2C6E-4AC2-89F2-E57721FEE1D0}.Release|Any CPU.Build.0 = Release|Any CPU
		{BD503A63-BBFC-41E0-B0EF-2ED898AFFC75}.Debug|Any CPU.ActiveCfg = Debug|Any CPU
		{BD503A63-BBFC-41E0-B0EF-2ED898AFFC75}.Debug|Any CPU.Build.0 = Debug|Any CPU
		{BD503A63-BBFC-41E0-B0EF-2ED898AFFC75}.Release|Any CPU.ActiveCfg = Release|Any CPU
		{BD503A63-BBFC-41E0-B0EF-2ED898AFFC75}.Release|Any CPU.Build.0 = Release|Any CPU
		{5F0B0CE2-5BC7-48A7-ABC4-CD03A858EE6F}.Debug|Any CPU.ActiveCfg = Debug|Any CPU
		{5F0B0CE2-5BC7-48A7-ABC4-CD03A858EE6F}.Debug|Any CPU.Build.0 = Debug|Any CPU
		{5F0B0CE2-5BC7-48A7-ABC4-CD03A858EE6F}.Release|Any CPU.ActiveCfg = Release|Any CPU
		{5F0B0CE2-5BC7-48A7-ABC4-CD03A858EE6F}.Release|Any CPU.Build.0 = Release|Any CPU
	EndGlobalSection
	GlobalSection(SolutionProperties) = preSolution
		HideSolutionNode = FALSE
	EndGlobalSection
	GlobalSection(ExtensibilityGlobals) = postSolution
		SolutionGuid = {8481F831-088F-44AE-91CF-3E09CFC10EDC}
	EndGlobalSection
EndGlobal
